// !$*UTF8*$!
{
	archiveVersion = 1;
	classes = {
	};
	objectVersion = 50;
	objects = {

/* Begin PBXBuildFile section */
		8A06F53B22C7721C005581CC /* AppDelegate.swift in Sources */ = {isa = PBXBuildFile; fileRef = 8A06F53A22C7721C005581CC /* AppDelegate.swift */; };
		8A06F53D22C7721C005581CC /* SearchViewController.swift in Sources */ = {isa = PBXBuildFile; fileRef = 8A06F53C22C7721C005581CC /* SearchViewController.swift */; };
		8A06F54022C7721C005581CC /* Main.storyboard in Resources */ = {isa = PBXBuildFile; fileRef = 8A06F53E22C7721C005581CC /* Main.storyboard */; };
		8A06F54222C7721E005581CC /* Assets.xcassets in Resources */ = {isa = PBXBuildFile; fileRef = 8A06F54122C7721E005581CC /* Assets.xcassets */; };
		8A06F54522C7721E005581CC /* LaunchScreen.storyboard in Resources */ = {isa = PBXBuildFile; fileRef = 8A06F54322C7721E005581CC /* LaunchScreen.storyboard */; };
		8A06F55022C7721E005581CC /* FlickrTests.swift in Sources */ = {isa = PBXBuildFile; fileRef = 8A06F54F22C7721E005581CC /* FlickrTests.swift */; };
		8A06F56422C775C5005581CC /* Photo.swift in Sources */ = {isa = PBXBuildFile; fileRef = 8A06F56322C775C5005581CC /* Photo.swift */; };
		8A06F56622C7775C005581CC /* FlickrApi.swift in Sources */ = {isa = PBXBuildFile; fileRef = 8A06F56522C7775C005581CC /* FlickrApi.swift */; };
		8A06F56822C77986005581CC /* URLBuilder.swift in Sources */ = {isa = PBXBuildFile; fileRef = 8A06F56722C77986005581CC /* URLBuilder.swift */; };
		8A06F56A22C779CE005581CC /* Constants.swift in Sources */ = {isa = PBXBuildFile; fileRef = 8A06F56922C779CE005581CC /* Constants.swift */; };
		8A06F56C22C78CF5005581CC /* ImageSearchResultDataProvider.swift in Sources */ = {isa = PBXBuildFile; fileRef = 8A06F56B22C78CF5005581CC /* ImageSearchResultDataProvider.swift */; };
		8A4EDEE722C882F100DB7054 /* SearchViewModel.swift in Sources */ = {isa = PBXBuildFile; fileRef = 8A4EDEE622C882F100DB7054 /* SearchViewModel.swift */; };
		8A4EDEE922C8943300DB7054 /* PhotosCell.swift in Sources */ = {isa = PBXBuildFile; fileRef = 8A4EDEE822C8943300DB7054 /* PhotosCell.swift */; };
		8A4EDEEB22C8CC0700DB7054 /* UIImageView+Addition.swift in Sources */ = {isa = PBXBuildFile; fileRef = 8A4EDEEA22C8CC0700DB7054 /* UIImageView+Addition.swift */; };
		8A4EDEED22C8E20300DB7054 /* Logger.swift in Sources */ = {isa = PBXBuildFile; fileRef = 8A4EDEEC22C8E20300DB7054 /* Logger.swift */; };
		8A63493922CE38E900D61BAC /* DetailViewController.swift in Sources */ = {isa = PBXBuildFile; fileRef = 8A63493822CE38E900D61BAC /* DetailViewController.swift */; };
		8A63493B22CE391400D61BAC /* DetailViewModel.swift in Sources */ = {isa = PBXBuildFile; fileRef = 8A63493A22CE391400D61BAC /* DetailViewModel.swift */; };
		8A63493D22CF2C7B00D61BAC /* Router.swift in Sources */ = {isa = PBXBuildFile; fileRef = 8A63493C22CF2C7B00D61BAC /* Router.swift */; };
		8AE760E222CF830400AF17C8 /* ImageDownloadTask.swift in Sources */ = {isa = PBXBuildFile; fileRef = 8AE760E122CF830400AF17C8 /* ImageDownloadTask.swift */; };
/* End PBXBuildFile section */

/* Begin PBXContainerItemProxy section */
		8A06F54C22C7721E005581CC /* PBXContainerItemProxy */ = {
			isa = PBXContainerItemProxy;
			containerPortal = 8A06F52F22C7721C005581CC /* Project object */;
			proxyType = 1;
			remoteGlobalIDString = 8A06F53622C7721C005581CC;
			remoteInfo = Flickr;
		};
/* End PBXContainerItemProxy section */

/* Begin PBXFileReference section */
		8A06F53722C7721C005581CC /* Flickr.app */ = {isa = PBXFileReference; explicitFileType = wrapper.application; includeInIndex = 0; path = Flickr.app; sourceTree = BUILT_PRODUCTS_DIR; };
		8A06F53A22C7721C005581CC /* AppDelegate.swift */ = {isa = PBXFileReference; lastKnownFileType = sourcecode.swift; path = AppDelegate.swift; sourceTree = "<group>"; };
		8A06F53C22C7721C005581CC /* SearchViewController.swift */ = {isa = PBXFileReference; lastKnownFileType = sourcecode.swift; path = SearchViewController.swift; sourceTree = "<group>"; };
		8A06F53F22C7721C005581CC /* Base */ = {isa = PBXFileReference; lastKnownFileType = file.storyboard; name = Base; path = Base.lproj/Main.storyboard; sourceTree = "<group>"; };
		8A06F54122C7721E005581CC /* Assets.xcassets */ = {isa = PBXFileReference; lastKnownFileType = folder.assetcatalog; path = Assets.xcassets; sourceTree = "<group>"; };
		8A06F54422C7721E005581CC /* Base */ = {isa = PBXFileReference; lastKnownFileType = file.storyboard; name = Base; path = Base.lproj/LaunchScreen.storyboard; sourceTree = "<group>"; };
		8A06F54622C7721E005581CC /* Info.plist */ = {isa = PBXFileReference; lastKnownFileType = text.plist.xml; path = Info.plist; sourceTree = "<group>"; };
		8A06F54B22C7721E005581CC /* FlickrTests.xctest */ = {isa = PBXFileReference; explicitFileType = wrapper.cfbundle; includeInIndex = 0; path = FlickrTests.xctest; sourceTree = BUILT_PRODUCTS_DIR; };
		8A06F54F22C7721E005581CC /* FlickrTests.swift */ = {isa = PBXFileReference; lastKnownFileType = sourcecode.swift; path = FlickrTests.swift; sourceTree = "<group>"; };
		8A06F55122C7721E005581CC /* Info.plist */ = {isa = PBXFileReference; lastKnownFileType = text.plist.xml; path = Info.plist; sourceTree = "<group>"; };
		8A06F56322C775C5005581CC /* Photo.swift */ = {isa = PBXFileReference; lastKnownFileType = sourcecode.swift; path = Photo.swift; sourceTree = "<group>"; };
		8A06F56522C7775C005581CC /* FlickrApi.swift */ = {isa = PBXFileReference; lastKnownFileType = sourcecode.swift; path = FlickrApi.swift; sourceTree = "<group>"; };
		8A06F56722C77986005581CC /* URLBuilder.swift */ = {isa = PBXFileReference; lastKnownFileType = sourcecode.swift; path = URLBuilder.swift; sourceTree = "<group>"; };
		8A06F56922C779CE005581CC /* Constants.swift */ = {isa = PBXFileReference; lastKnownFileType = sourcecode.swift; path = Constants.swift; sourceTree = "<group>"; };
		8A06F56B22C78CF5005581CC /* ImageSearchResultDataProvider.swift */ = {isa = PBXFileReference; lastKnownFileType = sourcecode.swift; path = ImageSearchResultDataProvider.swift; sourceTree = "<group>"; };
		8A4EDEE622C882F100DB7054 /* SearchViewModel.swift */ = {isa = PBXFileReference; lastKnownFileType = sourcecode.swift; path = SearchViewModel.swift; sourceTree = "<group>"; };
		8A4EDEE822C8943300DB7054 /* PhotosCell.swift */ = {isa = PBXFileReference; lastKnownFileType = sourcecode.swift; path = PhotosCell.swift; sourceTree = "<group>"; };
		8A4EDEEA22C8CC0700DB7054 /* UIImageView+Addition.swift */ = {isa = PBXFileReference; lastKnownFileType = sourcecode.swift; path = "UIImageView+Addition.swift"; sourceTree = "<group>"; };
		8A4EDEEC22C8E20300DB7054 /* Logger.swift */ = {isa = PBXFileReference; lastKnownFileType = sourcecode.swift; path = Logger.swift; sourceTree = "<group>"; };
		8A63493822CE38E900D61BAC /* DetailViewController.swift */ = {isa = PBXFileReference; lastKnownFileType = sourcecode.swift; path = DetailViewController.swift; sourceTree = "<group>"; };
		8A63493A22CE391400D61BAC /* DetailViewModel.swift */ = {isa = PBXFileReference; lastKnownFileType = sourcecode.swift; path = DetailViewModel.swift; sourceTree = "<group>"; };
		8A63493C22CF2C7B00D61BAC /* Router.swift */ = {isa = PBXFileReference; lastKnownFileType = sourcecode.swift; path = Router.swift; sourceTree = "<group>"; };
		8AE760E122CF830400AF17C8 /* ImageDownloadTask.swift */ = {isa = PBXFileReference; lastKnownFileType = sourcecode.swift; path = ImageDownloadTask.swift; sourceTree = "<group>"; };
/* End PBXFileReference section */

/* Begin PBXFrameworksBuildPhase section */
		8A06F53422C7721C005581CC /* Frameworks */ = {
			isa = PBXFrameworksBuildPhase;
			buildActionMask = 2147483647;
			files = (
			);
			runOnlyForDeploymentPostprocessing = 0;
		};
		8A06F54822C7721E005581CC /* Frameworks */ = {
			isa = PBXFrameworksBuildPhase;
			buildActionMask = 2147483647;
			files = (
			);
			runOnlyForDeploymentPostprocessing = 0;
		};
/* End PBXFrameworksBuildPhase section */

/* Begin PBXGroup section */
		8A06F52E22C7721C005581CC = {
			isa = PBXGroup;
			children = (
				8A06F53922C7721C005581CC /* Flickr */,
				8A06F54E22C7721E005581CC /* FlickrTests */,
				8A06F53822C7721C005581CC /* Products */,
			);
			sourceTree = "<group>";
		};
		8A06F53822C7721C005581CC /* Products */ = {
			isa = PBXGroup;
			children = (
				8A06F53722C7721C005581CC /* Flickr.app */,
				8A06F54B22C7721E005581CC /* FlickrTests.xctest */,
			);
			name = Products;
			sourceTree = "<group>";
		};
		8A06F53922C7721C005581CC /* Flickr */ = {
			isa = PBXGroup;
			children = (
				8A06F56222C7743D005581CC /* Model */,
				8A06F55D22C77336005581CC /* View */,
				8A06F55C22C7731E005581CC /* Resource */,
				8A06F55B22C7730B005581CC /* Helper */,
				8A06F55A22C77300005581CC /* API */,
				8A06F53A22C7721C005581CC /* AppDelegate.swift */,
				8A06F54622C7721E005581CC /* Info.plist */,
			);
			path = Flickr;
			sourceTree = "<group>";
		};
		8A06F54E22C7721E005581CC /* FlickrTests */ = {
			isa = PBXGroup;
			children = (
				8A06F54F22C7721E005581CC /* FlickrTests.swift */,
				8A06F55122C7721E005581CC /* Info.plist */,
			);
			path = FlickrTests;
			sourceTree = "<group>";
		};
		8A06F55A22C77300005581CC /* API */ = {
			isa = PBXGroup;
			children = (
				8A06F56522C7775C005581CC /* FlickrApi.swift */,
				8A06F56B22C78CF5005581CC /* ImageSearchResultDataProvider.swift */,
			);
			path = API;
			sourceTree = "<group>";
		};
		8A06F55B22C7730B005581CC /* Helper */ = {
			isa = PBXGroup;
			children = (
				8A06F56722C77986005581CC /* URLBuilder.swift */,
				8A06F56922C779CE005581CC /* Constants.swift */,
				8A4EDEEA22C8CC0700DB7054 /* UIImageView+Addition.swift */,
				8A4EDEEC22C8E20300DB7054 /* Logger.swift */,
				8A63493C22CF2C7B00D61BAC /* Router.swift */,
				8AE760E122CF830400AF17C8 /* ImageDownloadTask.swift */,
			);
			path = Helper;
			sourceTree = "<group>";
		};
		8A06F55C22C7731E005581CC /* Resource */ = {
			isa = PBXGroup;
			children = (
				8A06F54122C7721E005581CC /* Assets.xcassets */,
			);
			path = Resource;
			sourceTree = "<group>";
		};
		8A06F55D22C77336005581CC /* View */ = {
			isa = PBXGroup;
			children = (
				8A63493722CE388600D61BAC /* DetailsScene */,
				8A06F55F22C773A7005581CC /* SearchScene */,
				8A06F53E22C7721C005581CC /* Main.storyboard */,
				8A06F54322C7721E005581CC /* LaunchScreen.storyboard */,
			);
			path = View;
			sourceTree = "<group>";
		};
		8A06F55F22C773A7005581CC /* SearchScene */ = {
			isa = PBXGroup;
			children = (
				8A06F53C22C7721C005581CC /* SearchViewController.swift */,
				8A4EDEE622C882F100DB7054 /* SearchViewModel.swift */,
				8A4EDEE822C8943300DB7054 /* PhotosCell.swift */,
			);
			path = SearchScene;
			sourceTree = "<group>";
		};
		8A06F56222C7743D005581CC /* Model */ = {
			isa = PBXGroup;
			children = (
				8A06F56322C775C5005581CC /* Photo.swift */,
			);
			path = Model;
			sourceTree = "<group>";
		};
		8A63493722CE388600D61BAC /* DetailsScene */ = {
			isa = PBXGroup;
			children = (
				8A63493822CE38E900D61BAC /* DetailViewController.swift */,
				8A63493A22CE391400D61BAC /* DetailViewModel.swift */,
			);
			path = DetailsScene;
			sourceTree = "<group>";
		};
/* End PBXGroup section */

/* Begin PBXNativeTarget section */
		8A06F53622C7721C005581CC /* Flickr */ = {
			isa = PBXNativeTarget;
			buildConfigurationList = 8A06F55422C7721E005581CC /* Build configuration list for PBXNativeTarget "Flickr" */;
			buildPhases = (
				8A06F53322C7721C005581CC /* Sources */,
				8A06F53422C7721C005581CC /* Frameworks */,
				8A06F53522C7721C005581CC /* Resources */,
			);
			buildRules = (
			);
			dependencies = (
			);
			name = Flickr;
			productName = Flickr;
			productReference = 8A06F53722C7721C005581CC /* Flickr.app */;
			productType = "com.apple.product-type.application";
		};
		8A06F54A22C7721E005581CC /* FlickrTests */ = {
			isa = PBXNativeTarget;
			buildConfigurationList = 8A06F55722C7721E005581CC /* Build configuration list for PBXNativeTarget "FlickrTests" */;
			buildPhases = (
				8A06F54722C7721E005581CC /* Sources */,
				8A06F54822C7721E005581CC /* Frameworks */,
				8A06F54922C7721E005581CC /* Resources */,
			);
			buildRules = (
			);
			dependencies = (
				8A06F54D22C7721E005581CC /* PBXTargetDependency */,
			);
			name = FlickrTests;
			productName = FlickrTests;
			productReference = 8A06F54B22C7721E005581CC /* FlickrTests.xctest */;
			productType = "com.apple.product-type.bundle.unit-test";
		};
/* End PBXNativeTarget section */

/* Begin PBXProject section */
		8A06F52F22C7721C005581CC /* Project object */ = {
			isa = PBXProject;
			attributes = {
				LastSwiftUpdateCheck = 1020;
				LastUpgradeCheck = 1020;
				ORGANIZATIONNAME = kunal.ch;
				TargetAttributes = {
					8A06F53622C7721C005581CC = {
						CreatedOnToolsVersion = 10.2.1;
					};
					8A06F54A22C7721E005581CC = {
						CreatedOnToolsVersion = 10.2.1;
						TestTargetID = 8A06F53622C7721C005581CC;
					};
				};
			};
			buildConfigurationList = 8A06F53222C7721C005581CC /* Build configuration list for PBXProject "Flickr" */;
			compatibilityVersion = "Xcode 9.3";
			developmentRegion = en;
			hasScannedForEncodings = 0;
			knownRegions = (
				en,
				Base,
			);
			mainGroup = 8A06F52E22C7721C005581CC;
			productRefGroup = 8A06F53822C7721C005581CC /* Products */;
			projectDirPath = "";
			projectRoot = "";
			targets = (
				8A06F53622C7721C005581CC /* Flickr */,
				8A06F54A22C7721E005581CC /* FlickrTests */,
			);
		};
/* End PBXProject section */

/* Begin PBXResourcesBuildPhase section */
		8A06F53522C7721C005581CC /* Resources */ = {
			isa = PBXResourcesBuildPhase;
			buildActionMask = 2147483647;
			files = (
				8A06F54522C7721E005581CC /* LaunchScreen.storyboard in Resources */,
				8A06F54222C7721E005581CC /* Assets.xcassets in Resources */,
				8A06F54022C7721C005581CC /* Main.storyboard in Resources */,
			);
			runOnlyForDeploymentPostprocessing = 0;
		};
		8A06F54922C7721E005581CC /* Resources */ = {
			isa = PBXResourcesBuildPhase;
			buildActionMask = 2147483647;
			files = (
			);
			runOnlyForDeploymentPostprocessing = 0;
		};
/* End PBXResourcesBuildPhase section */

/* Begin PBXSourcesBuildPhase section */
		8A06F53322C7721C005581CC /* Sources */ = {
			isa = PBXSourcesBuildPhase;
			buildActionMask = 2147483647;
			files = (
				8AE760E222CF830400AF17C8 /* ImageDownloadTask.swift in Sources */,
				8A06F56C22C78CF5005581CC /* ImageSearchResultDataProvider.swift in Sources */,
				8A4EDEED22C8E20300DB7054 /* Logger.swift in Sources */,
				8A06F56822C77986005581CC /* URLBuilder.swift in Sources */,
				8A63493922CE38E900D61BAC /* DetailViewController.swift in Sources */,
				8A4EDEEB22C8CC0700DB7054 /* UIImageView+Addition.swift in Sources */,
				8A4EDEE722C882F100DB7054 /* SearchViewModel.swift in Sources */,
				8A06F53D22C7721C005581CC /* SearchViewController.swift in Sources */,
				8A06F56422C775C5005581CC /* Photo.swift in Sources */,
				8A06F53B22C7721C005581CC /* AppDelegate.swift in Sources */,
				8A63493B22CE391400D61BAC /* DetailViewModel.swift in Sources */,
				8A63493D22CF2C7B00D61BAC /* Router.swift in Sources */,
				8A06F56622C7775C005581CC /* FlickrApi.swift in Sources */,
				8A06F56A22C779CE005581CC /* Constants.swift in Sources */,
				8A4EDEE922C8943300DB7054 /* PhotosCell.swift in Sources */,
			);
			runOnlyForDeploymentPostprocessing = 0;
		};
		8A06F54722C7721E005581CC /* Sources */ = {
			isa = PBXSourcesBuildPhase;
			buildActionMask = 2147483647;
			files = (
				8A06F55022C7721E005581CC /* FlickrTests.swift in Sources */,
			);
			runOnlyForDeploymentPostprocessing = 0;
		};
/* End PBXSourcesBuildPhase section */

/* Begin PBXTargetDependency section */
		8A06F54D22C7721E005581CC /* PBXTargetDependency */ = {
			isa = PBXTargetDependency;
			target = 8A06F53622C7721C005581CC /* Flickr */;
			targetProxy = 8A06F54C22C7721E005581CC /* PBXContainerItemProxy */;
		};
/* End PBXTargetDependency section */

/* Begin PBXVariantGroup section */
		8A06F53E22C7721C005581CC /* Main.storyboard */ = {
			isa = PBXVariantGroup;
			children = (
				8A06F53F22C7721C005581CC /* Base */,
			);
			name = Main.storyboard;
			sourceTree = "<group>";
		};
		8A06F54322C7721E005581CC /* LaunchScreen.storyboard */ = {
			isa = PBXVariantGroup;
			children = (
				8A06F54422C7721E005581CC /* Base */,
			);
			name = LaunchScreen.storyboard;
			sourceTree = "<group>";
		};
/* End PBXVariantGroup section */

/* Begin XCBuildConfiguration section */
		8A06F55222C7721E005581CC /* Debug */ = {
			isa = XCBuildConfiguration;
			buildSettings = {
				ALWAYS_SEARCH_USER_PATHS = NO;
				CLANG_ANALYZER_NONNULL = YES;
				CLANG_ANALYZER_NUMBER_OBJECT_CONVERSION = YES_AGGRESSIVE;
				CLANG_CXX_LANGUAGE_STANDARD = "gnu++14";
				CLANG_CXX_LIBRARY = "libc++";
				CLANG_ENABLE_MODULES = YES;
				CLANG_ENABLE_OBJC_ARC = YES;
				CLANG_ENABLE_OBJC_WEAK = YES;
				CLANG_WARN_BLOCK_CAPTURE_AUTORELEASING = YES;
				CLANG_WARN_BOOL_CONVERSION = YES;
				CLANG_WARN_COMMA = YES;
				CLANG_WARN_CONSTANT_CONVERSION = YES;
				CLANG_WARN_DEPRECATED_OBJC_IMPLEMENTATIONS = YES;
				CLANG_WARN_DIRECT_OBJC_ISA_USAGE = YES_ERROR;
				CLANG_WARN_DOCUMENTATION_COMMENTS = YES;
				CLANG_WARN_EMPTY_BODY = YES;
				CLANG_WARN_ENUM_CONVERSION = YES;
				CLANG_WARN_INFINITE_RECURSION = YES;
				CLANG_WARN_INT_CONVERSION = YES;
				CLANG_WARN_NON_LITERAL_NULL_CONVERSION = YES;
				CLANG_WARN_OBJC_IMPLICIT_RETAIN_SELF = YES;
				CLANG_WARN_OBJC_LITERAL_CONVERSION = YES;
				CLANG_WARN_OBJC_ROOT_CLASS = YES_ERROR;
				CLANG_WARN_RANGE_LOOP_ANALYSIS = YES;
				CLANG_WARN_STRICT_PROTOTYPES = YES;
				CLANG_WARN_SUSPICIOUS_MOVE = YES;
				CLANG_WARN_UNGUARDED_AVAILABILITY = YES_AGGRESSIVE;
				CLANG_WARN_UNREACHABLE_CODE = YES;
				CLANG_WARN__DUPLICATE_METHOD_MATCH = YES;
				CODE_SIGN_IDENTITY = "iPhone Developer";
				COPY_PHASE_STRIP = NO;
				DEBUG_INFORMATION_FORMAT = dwarf;
				ENABLE_STRICT_OBJC_MSGSEND = YES;
				ENABLE_TESTABILITY = YES;
				GCC_C_LANGUAGE_STANDARD = gnu11;
				GCC_DYNAMIC_NO_PIC = NO;
				GCC_NO_COMMON_BLOCKS = YES;
				GCC_OPTIMIZATION_LEVEL = 0;
				GCC_PREPROCESSOR_DEFINITIONS = (
					"DEBUG=1",
					"$(inherited)",
				);
				GCC_WARN_64_TO_32_BIT_CONVERSION = YES;
				GCC_WARN_ABOUT_RETURN_TYPE = YES_ERROR;
				GCC_WARN_UNDECLARED_SELECTOR = YES;
				GCC_WARN_UNINITIALIZED_AUTOS = YES_AGGRESSIVE;
				GCC_WARN_UNUSED_FUNCTION = YES;
				GCC_WARN_UNUSED_VARIABLE = YES;
				IPHONEOS_DEPLOYMENT_TARGET = 12.2;
				MTL_ENABLE_DEBUG_INFO = INCLUDE_SOURCE;
				MTL_FAST_MATH = YES;
				ONLY_ACTIVE_ARCH = YES;
				SDKROOT = iphoneos;
				SWIFT_ACTIVE_COMPILATION_CONDITIONS = DEBUG;
				SWIFT_OPTIMIZATION_LEVEL = "-Onone";
			};
			name = Debug;
		};
		8A06F55322C7721E005581CC /* Release */ = {
			isa = XCBuildConfiguration;
			buildSettings = {
				ALWAYS_SEARCH_USER_PATHS = NO;
				CLANG_ANALYZER_NONNULL = YES;
				CLANG_ANALYZER_NUMBER_OBJECT_CONVERSION = YES_AGGRESSIVE;
				CLANG_CXX_LANGUAGE_STANDARD = "gnu++14";
				CLANG_CXX_LIBRARY = "libc++";
				CLANG_ENABLE_MODULES = YES;
				CLANG_ENABLE_OBJC_ARC = YES;
				CLANG_ENABLE_OBJC_WEAK = YES;
				CLANG_WARN_BLOCK_CAPTURE_AUTORELEASING = YES;
				CLANG_WARN_BOOL_CONVERSION = YES;
				CLANG_WARN_COMMA = YES;
				CLANG_WARN_CONSTANT_CONVERSION = YES;
				CLANG_WARN_DEPRECATED_OBJC_IMPLEMENTATIONS = YES;
				CLANG_WARN_DIRECT_OBJC_ISA_USAGE = YES_ERROR;
				CLANG_WARN_DOCUMENTATION_COMMENTS = YES;
				CLANG_WARN_EMPTY_BODY = YES;
				CLANG_WARN_ENUM_CONVERSION = YES;
				CLANG_WARN_INFINITE_RECURSION = YES;
				CLANG_WARN_INT_CONVERSION = YES;
				CLANG_WARN_NON_LITERAL_NULL_CONVERSION = YES;
				CLANG_WARN_OBJC_IMPLICIT_RETAIN_SELF = YES;
				CLANG_WARN_OBJC_LITERAL_CONVERSION = YES;
				CLANG_WARN_OBJC_ROOT_CLASS = YES_ERROR;
				CLANG_WARN_RANGE_LOOP_ANALYSIS = YES;
				CLANG_WARN_STRICT_PROTOTYPES = YES;
				CLANG_WARN_SUSPICIOUS_MOVE = YES;
				CLANG_WARN_UNGUARDED_AVAILABILITY = YES_AGGRESSIVE;
				CLANG_WARN_UNREACHABLE_CODE = YES;
				CLANG_WARN__DUPLICATE_METHOD_MATCH = YES;
				CODE_SIGN_IDENTITY = "iPhone Developer";
				COPY_PHASE_STRIP = NO;
				DEBUG_INFORMATION_FORMAT = "dwarf-with-dsym";
				ENABLE_NS_ASSERTIONS = NO;
				ENABLE_STRICT_OBJC_MSGSEND = YES;
				GCC_C_LANGUAGE_STANDARD = gnu11;
				GCC_NO_COMMON_BLOCKS = YES;
				GCC_WARN_64_TO_32_BIT_CONVERSION = YES;
				GCC_WARN_ABOUT_RETURN_TYPE = YES_ERROR;
				GCC_WARN_UNDECLARED_SELECTOR = YES;
				GCC_WARN_UNINITIALIZED_AUTOS = YES_AGGRESSIVE;
				GCC_WARN_UNUSED_FUNCTION = YES;
				GCC_WARN_UNUSED_VARIABLE = YES;
				IPHONEOS_DEPLOYMENT_TARGET = 12.2;
				MTL_ENABLE_DEBUG_INFO = NO;
				MTL_FAST_MATH = YES;
				SDKROOT = iphoneos;
				SWIFT_COMPILATION_MODE = wholemodule;
				SWIFT_OPTIMIZATION_LEVEL = "-O";
				VALIDATE_PRODUCT = YES;
			};
			name = Release;
		};
		8A06F55522C7721E005581CC /* Debug */ = {
			isa = XCBuildConfiguration;
			buildSettings = {
				ASSETCATALOG_COMPILER_APPICON_NAME = AppIcon;
				CODE_SIGN_STYLE = Automatic;
				DEVELOPMENT_TEAM = G8YFYU5U5F;
				INFOPLIST_FILE = Flickr/Info.plist;
				IPHONEOS_DEPLOYMENT_TARGET = 10.0;
				LD_RUNPATH_SEARCH_PATHS = (
					"$(inherited)",
					"@executable_path/Frameworks",
				);
				PRODUCT_BUNDLE_IDENTIFIER = com.coding.challenge.Flickr;
				PRODUCT_NAME = "$(TARGET_NAME)";
				SWIFT_VERSION = 5.0;
				TARGETED_DEVICE_FAMILY = "1,2";
			};
			name = Debug;
		};
		8A06F55622C7721E005581CC /* Release */ = {
			isa = XCBuildConfiguration;
			buildSettings = {
				ASSETCATALOG_COMPILER_APPICON_NAME = AppIcon;
				CODE_SIGN_STYLE = Automatic;
				DEVELOPMENT_TEAM = G8YFYU5U5F;
				INFOPLIST_FILE = Flickr/Info.plist;
				IPHONEOS_DEPLOYMENT_TARGET = 10.0;
				LD_RUNPATH_SEARCH_PATHS = (
					"$(inherited)",
					"@executable_path/Frameworks",
				);
				PRODUCT_BUNDLE_IDENTIFIER = com.coding.challenge.Flickr;
				PRODUCT_NAME = "$(TARGET_NAME)";
				SWIFT_VERSION = 5.0;
				TARGETED_DEVICE_FAMILY = "1,2";
			};
			name = Release;
		};
		8A06F55822C7721E005581CC /* Debug */ = {
			isa = XCBuildConfiguration;
			buildSettings = {
				ALWAYS_EMBED_SWIFT_STANDARD_LIBRARIES = YES;
				BUNDLE_LOADER = "$(TEST_HOST)";
				CODE_SIGN_STYLE = Automatic;
				DEVELOPMENT_TEAM = G8YFYU5U5F;
				INFOPLIST_FILE = FlickrTests/Info.plist;
				LD_RUNPATH_SEARCH_PATHS = (
					"$(inherited)",
					"@executable_path/Frameworks",
					"@loader_path/Frameworks",
				);
				PRODUCT_BUNDLE_IDENTIFIER = com.coding.challenge.flickr.FlickrTests;
				PRODUCT_NAME = "$(TARGET_NAME)";
				SWIFT_VERSION = 5.0;
				TARGETED_DEVICE_FAMILY = "1,2";
				TEST_HOST = "$(BUILT_PRODUCTS_DIR)/Flickr.app/Flickr";
			};
			name = Debug;
		};
		8A06F55922C7721E005581CC /* Release */ = {
			isa = XCBuildConfiguration;
			buildSettings = {
				ALWAYS_EMBED_SWIFT_STANDARD_LIBRARIES = YES;
				BUNDLE_LOADER = "$(TEST_HOST)";
				CODE_SIGN_STYLE = Automatic;
				DEVELOPMENT_TEAM = G8YFYU5U5F;
				INFOPLIST_FILE = FlickrTests/Info.plist;
				LD_RUNPATH_SEARCH_PATHS = (
					"$(inherited)",
					"@executable_path/Frameworks",
					"@loader_path/Frameworks",
				);
				PRODUCT_BUNDLE_IDENTIFIER = com.coding.challenge.flickr.FlickrTests;
				PRODUCT_NAME = "$(TARGET_NAME)";
				SWIFT_VERSION = 5.0;
				TARGETED_DEVICE_FAMILY = "1,2";
				TEST_HOST = "$(BUILT_PRODUCTS_DIR)/Flickr.app/Flickr";
			};
			name = Release;
		};
/* End XCBuildConfiguration section */

/* Begin XCConfigurationList section */
		8A06F53222C7721C005581CC /* Build configuration list for PBXProject "Flickr" */ = {
			isa = XCConfigurationList;
			buildConfigurations = (
				8A06F55222C7721E005581CC /* Debug */,
				8A06F55322C7721E005581CC /* Release */,
			);
			defaultConfigurationIsVisible = 0;
			defaultConfigurationName = Release;
		};
		8A06F55422C7721E005581CC /* Build configuration list for PBXNativeTarget "Flickr" */ = {
			isa = XCConfigurationList;
			buildConfigurations = (
				8A06F55522C7721E005581CC /* Debug */,
				8A06F55622C7721E005581CC /* Release */,
			);
			defaultConfigurationIsVisible = 0;
			defaultConfigurationName = Release;
		};
		8A06F55722C7721E005581CC /* Build configuration list for PBXNativeTarget "FlickrTests" */ = {
			isa = XCConfigurationList;
			buildConfigurations = (
				8A06F55822C7721E005581CC /* Debug */,
				8A06F55922C7721E005581CC /* Release */,
			);
			defaultConfigurationIsVisible = 0;
			defaultConfigurationName = Release;
		};
/* End XCConfigurationList section */
	};
	rootObject = 8A06F52F22C7721C005581CC /* Project object */;
}
